
Microsoft Visual Studio Solution File, Format Version 12.00
Project("{FAE04EC0-301F-11D3-BF4B-00C04F79EFBC}") = "FinalProject.Domain", "FinalProject.Domain\FinalProject.Domain.csproj", "{E42E53D3-097B-40FB-A8CD-171B41F3FB1E}"
EndProject
Project("{FAE04EC0-301F-11D3-BF4B-00C04F79EFBC}") = "FinalProject.Persistence", "FinalProject.Persistence\FinalProject.Persistence.csproj", "{9A1F9EF0-6F5F-4760-BC71-B0BF71F7C7C6}"
EndProject
Project("{FAE04EC0-301F-11D3-BF4B-00C04F79EFBC}") = "FinalProject.Selenium.ConsoleClient", "FinalProject.Selenium.ConsoleClient\FinalProject.Selenium.ConsoleClient.csproj", "{9C044A79-967A-4502-B8BB-DE7E187B4941}"
EndProject
Project("{FAE04EC0-301F-11D3-BF4B-00C04F79EFBC}") = "FinalProject.Wasm", "FinalProject.Wasm\FinalProject.Wasm.csproj", "{440E49E0-E2CA-4F49-BB97-13C6A9A45E6B}"
EndProject
Project("{FAE04EC0-301F-11D3-BF4B-00C04F79EFBC}") = "FinalProject.WebApi", "FinalProject.WebApi\FinalProject.WebApi.csproj", "{769639CE-33F2-44AE-8AAE-2F092F352B12}"
EndProject
Global
	GlobalSection(SolutionConfigurationPlatforms) = preSolution
		Debug|Any CPU = Debug|Any CPU
		Release|Any CPU = Release|Any CPU
	EndGlobalSection
	GlobalSection(ProjectConfigurationPlatforms) = postSolution
		{E42E53D3-097B-40FB-A8CD-171B41F3FB1E}.Debug|Any CPU.ActiveCfg = Debug|Any CPU
		{E42E53D3-097B-40FB-A8CD-171B41F3FB1E}.Debug|Any CPU.Build.0 = Debug|Any CPU
		{E42E53D3-097B-40FB-A8CD-171B41F3FB1E}.Release|Any CPU.ActiveCfg = Release|Any CPU
		{E42E53D3-097B-40FB-A8CD-171B41F3FB1E}.Release|Any CPU.Build.0 = Release|Any CPU
		{9A1F9EF0-6F5F-4760-BC71-B0BF71F7C7C6}.Debug|Any CPU.ActiveCfg = Debug|Any CPU
		{9A1F9EF0-6F5F-4760-BC71-B0BF71F7C7C6}.Debug|Any CPU.Build.0 = Debug|Any CPU
		{9A1F9EF0-6F5F-4760-BC71-B0BF71F7C7C6}.Release|Any CPU.ActiveCfg = Release|Any CPU
		{9A1F9EF0-6F5F-4760-BC71-B0BF71F7C7C6}.Release|Any CPU.Build.0 = Release|Any CPU
		{9C044A79-967A-4502-B8BB-DE7E187B4941}.Debug|Any CPU.ActiveCfg = Debug|Any CPU
		{9C044A79-967A-4502-B8BB-DE7E187B4941}.Debug|Any CPU.Build.0 = Debug|Any CPU
		{9C044A79-967A-4502-B8BB-DE7E187B4941}.Release|Any CPU.ActiveCfg = Release|Any CPU
		{9C044A79-967A-4502-B8BB-DE7E187B4941}.Release|Any CPU.Build.0 = Release|Any CPU
		{440E49E0-E2CA-4F49-BB97-13C6A9A45E6B}.Debug|Any CPU.ActiveCfg = Debug|Any CPU
		{440E49E0-E2CA-4F49-BB97-13C6A9A45E6B}.Debug|Any CPU.Build.0 = Debug|Any CPU
		{440E49E0-E2CA-4F49-BB97-13C6A9A45E6B}.Release|Any CPU.ActiveCfg = Release|Any CPU
		{440E49E0-E2CA-4F49-BB97-13C6A9A45E6B}.Release|Any CPU.Build.0 = Release|Any CPU
		{769639CE-33F2-44AE-8AAE-2F092F352B12}.Debug|Any CPU.ActiveCfg = Debug|Any CPU
		{769639CE-33F2-44AE-8AAE-2F092F352B12}.Debug|Any CPU.Build.0 = Debug|Any CPU
		{769639CE-33F2-44AE-8AAE-2F092F352B12}.Release|Any CPU.ActiveCfg = Release|Any CPU
		{769639CE-33F2-44AE-8AAE-2F092F352B12}.Release|Any CPU.Build.0 = Release|Any CPU
	EndGlobalSection
EndGlobal
